
Microsoft Visual Studio Solution File, Format Version 12.00
# Visual Studio Version 17
VisualStudioVersion = 17.4.33205.214
MinimumVisualStudioVersion = 10.0.40219.1
Project("{FAE04EC0-301F-11D3-BF4B-00C04F79EFBC}") = "1.3", "1.3.csproj", "{5BD94C3A-DD25-4E2C-8CFD-3284FF1269A3}"
EndProject
Global
	GlobalSection(SolutionConfigurationPlatforms) = preSolution
		Debug|Any CPU = Debug|Any CPU
		Release|Any CPU = Release|Any CPU
	EndGlobalSection
	GlobalSection(ProjectConfigurationPlatforms) = postSolution
		{5BD94C3A-DD25-4E2C-8CFD-3284FF1269A3}.Debug|Any CPU.ActiveCfg = Debug|Any CPU
		{5BD94C3A-DD25-4E2C-8CFD-3284FF1269A3}.Debug|Any CPU.Build.0 = Debug|Any CPU
		{5BD94C3A-DD25-4E2C-8CFD-3284FF1269A3}.Release|Any CPU.ActiveCfg = Release|Any CPU
		{5BD94C3A-DD25-4E2C-8CFD-3284FF1269A3}.Release|Any CPU.Build.0 = Release|Any CPU
	EndGlobalSection
	GlobalSection(SolutionProperties) = preSolution
		HideSolutionNode = FALSE
	EndGlobalSection
	GlobalSection(ExtensibilityGlobals) = postSolution
		SolutionGuid = {165F46A9-5EC7-4FB5-9EDE-29D4364C4ADC}
	EndGlobalSection
EndGlobal
